
Microsoft Visual Studio Solution File, Format Version 12.00
# Visual Studio 15
VisualStudioVersion = 15.0.28307.106
MinimumVisualStudioVersion = 10.0.40219.1
Project("{FAE04EC0-301F-11D3-BF4B-00C04F79EFBC}") = "Must2", "Must2\Must2.csproj", "{720E4CFB-D41B-403B-91A7-7EF13F0DCA59}"
EndProject
Global
	GlobalSection(SolutionConfigurationPlatforms) = preSolution
		Debug|Any CPU = Debug|Any CPU
		Release|Any CPU = Release|Any CPU
	EndGlobalSection
	GlobalSection(ProjectConfigurationPlatforms) = postSolution
		{720E4CFB-D41B-403B-91A7-7EF13F0DCA59}.Debug|Any CPU.ActiveCfg = Debug|Any CPU
		{720E4CFB-D41B-403B-91A7-7EF13F0DCA59}.Debug|Any CPU.Build.0 = Debug|Any CPU
		{720E4CFB-D41B-403B-91A7-7EF13F0DCA59}.Release|Any CPU.ActiveCfg = Release|Any CPU
		{720E4CFB-D41B-403B-91A7-7EF13F0DCA59}.Release|Any CPU.Build.0 = Release|Any CPU
	EndGlobalSection
	GlobalSection(SolutionProperties) = preSolution
		HideSolutionNode = FALSE
	EndGlobalSection
	GlobalSection(ExtensibilityGlobals) = postSolution
		SolutionGuid = {B74AC7DA-7C85-49B2-A9DE-BC053F07D014}
	EndGlobalSection
EndGlobal
