
Microsoft Visual Studio Solution File, Format Version 12.00
# Visual Studio 15
VisualStudioVersion = 15.0.28307.106
MinimumVisualStudioVersion = 10.0.40219.1
Project("{FAE04EC0-301F-11D3-BF4B-00C04F79EFBC}") = "Must2", "Must2\Must2.csproj", "{720E4CFB-D41B-403B-91A7-7EF13F0DCA59}"
EndProject
Project("{FAE04EC0-301F-11D3-BF4B-00C04F79EFBC}") = "Interfaces", "Interfaces\Interfaces.csproj", "{96DD44D8-D82E-4F1E-8ADA-BE76497D7E6B}"
EndProject
Project("{FAE04EC0-301F-11D3-BF4B-00C04F79EFBC}") = "Core", "Core\Core.csproj", "{364436BD-3996-4210-8FF2-AFDD17A6DA60}"
EndProject
Project("{FAE04EC0-301F-11D3-BF4B-00C04F79EFBC}") = "BLC", "BLC\BLC.csproj", "{DCE2AD58-063B-4A01-9E77-AB07E2DB31FE}"
EndProject
Project("{FAE04EC0-301F-11D3-BF4B-00C04F79EFBC}") = "DAOMock", "DAOMock\DAOMock.csproj", "{FDF2D0BD-1CB6-445D-9845-F60E50E25014}"
EndProject
Global
	GlobalSection(SolutionConfigurationPlatforms) = preSolution
		Debug|Any CPU = Debug|Any CPU
		Release|Any CPU = Release|Any CPU
	EndGlobalSection
	GlobalSection(ProjectConfigurationPlatforms) = postSolution
		{720E4CFB-D41B-403B-91A7-7EF13F0DCA59}.Debug|Any CPU.ActiveCfg = Debug|Any CPU
		{720E4CFB-D41B-403B-91A7-7EF13F0DCA59}.Debug|Any CPU.Build.0 = Debug|Any CPU
		{720E4CFB-D41B-403B-91A7-7EF13F0DCA59}.Release|Any CPU.ActiveCfg = Release|Any CPU
		{720E4CFB-D41B-403B-91A7-7EF13F0DCA59}.Release|Any CPU.Build.0 = Release|Any CPU
		{96DD44D8-D82E-4F1E-8ADA-BE76497D7E6B}.Debug|Any CPU.ActiveCfg = Debug|Any CPU
		{96DD44D8-D82E-4F1E-8ADA-BE76497D7E6B}.Debug|Any CPU.Build.0 = Debug|Any CPU
		{96DD44D8-D82E-4F1E-8ADA-BE76497D7E6B}.Release|Any CPU.ActiveCfg = Release|Any CPU
		{96DD44D8-D82E-4F1E-8ADA-BE76497D7E6B}.Release|Any CPU.Build.0 = Release|Any CPU
		{364436BD-3996-4210-8FF2-AFDD17A6DA60}.Debug|Any CPU.ActiveCfg = Debug|Any CPU
		{364436BD-3996-4210-8FF2-AFDD17A6DA60}.Debug|Any CPU.Build.0 = Debug|Any CPU
		{364436BD-3996-4210-8FF2-AFDD17A6DA60}.Release|Any CPU.ActiveCfg = Release|Any CPU
		{364436BD-3996-4210-8FF2-AFDD17A6DA60}.Release|Any CPU.Build.0 = Release|Any CPU
		{DCE2AD58-063B-4A01-9E77-AB07E2DB31FE}.Debug|Any CPU.ActiveCfg = Debug|Any CPU
		{DCE2AD58-063B-4A01-9E77-AB07E2DB31FE}.Debug|Any CPU.Build.0 = Debug|Any CPU
		{DCE2AD58-063B-4A01-9E77-AB07E2DB31FE}.Release|Any CPU.ActiveCfg = Release|Any CPU
		{DCE2AD58-063B-4A01-9E77-AB07E2DB31FE}.Release|Any CPU.Build.0 = Release|Any CPU
		{FDF2D0BD-1CB6-445D-9845-F60E50E25014}.Debug|Any CPU.ActiveCfg = Debug|Any CPU
		{FDF2D0BD-1CB6-445D-9845-F60E50E25014}.Debug|Any CPU.Build.0 = Debug|Any CPU
		{FDF2D0BD-1CB6-445D-9845-F60E50E25014}.Release|Any CPU.ActiveCfg = Release|Any CPU
		{FDF2D0BD-1CB6-445D-9845-F60E50E25014}.Release|Any CPU.Build.0 = Release|Any CPU
	EndGlobalSection
	GlobalSection(SolutionProperties) = preSolution
		HideSolutionNode = FALSE
	EndGlobalSection
	GlobalSection(ExtensibilityGlobals) = postSolution
		SolutionGuid = {B74AC7DA-7C85-49B2-A9DE-BC053F07D014}
	EndGlobalSection
EndGlobal
